
Microsoft Visual Studio Solution File, Format Version 12.00
# Visual Studio 15
VisualStudioVersion = 15.0.28010.2036
MinimumVisualStudioVersion = 10.0.40219.1
Project("{8BC9CEB8-8B4A-11D0-8D11-00A0C91BC942}") = "Predel", "Predel\Predel.vcxproj", "{5E45A8D0-68F2-438A-B5DD-AF8880571CBF}"
EndProject
Global
	GlobalSection(SolutionConfigurationPlatforms) = preSolution
		Debug|x64 = Debug|x64
		Debug|x86 = Debug|x86
		Release|x64 = Release|x64
		Release|x86 = Release|x86
	EndGlobalSection
	GlobalSection(ProjectConfigurationPlatforms) = postSolution
		{5E45A8D0-68F2-438A-B5DD-AF8880571CBF}.Debug|x64.ActiveCfg = Debug|x64
		{5E45A8D0-68F2-438A-B5DD-AF8880571CBF}.Debug|x64.Build.0 = Debug|x64
		{5E45A8D0-68F2-438A-B5DD-AF8880571CBF}.Debug|x86.ActiveCfg = Debug|Win32
		{5E45A8D0-68F2-438A-B5DD-AF8880571CBF}.Debug|x86.Build.0 = Debug|Win32
		{5E45A8D0-68F2-438A-B5DD-AF8880571CBF}.Release|x64.ActiveCfg = Release|x64
		{5E45A8D0-68F2-438A-B5DD-AF8880571CBF}.Release|x64.Build.0 = Release|x64
		{5E45A8D0-68F2-438A-B5DD-AF8880571CBF}.Release|x86.ActiveCfg = Release|Win32
		{5E45A8D0-68F2-438A-B5DD-AF8880571CBF}.Release|x86.Build.0 = Release|Win32
	EndGlobalSection
	GlobalSection(SolutionProperties) = preSolution
		HideSolutionNode = FALSE
	EndGlobalSection
	GlobalSection(ExtensibilityGlobals) = postSolution
		SolutionGuid = {F05E1BF6-6FFC-4EBD-A8EC-260E38443E20}
	EndGlobalSection
EndGlobal
