
Microsoft Visual Studio Solution File, Format Version 12.00
# Visual Studio 15
VisualStudioVersion = 15.0.28010.2036
MinimumVisualStudioVersion = 10.0.40219.1
Project("{8BC9CEB8-8B4A-11D0-8D11-00A0C91BC942}") = "FIBONACHI", "FIBONACHI\FIBONACHI.vcxproj", "{1275E5DA-0CA4-4EAC-8C81-47AA0D8682AE}"
EndProject
Global
	GlobalSection(SolutionConfigurationPlatforms) = preSolution
		Debug|x64 = Debug|x64
		Debug|x86 = Debug|x86
		Release|x64 = Release|x64
		Release|x86 = Release|x86
	EndGlobalSection
	GlobalSection(ProjectConfigurationPlatforms) = postSolution
		{1275E5DA-0CA4-4EAC-8C81-47AA0D8682AE}.Debug|x64.ActiveCfg = Debug|x64
		{1275E5DA-0CA4-4EAC-8C81-47AA0D8682AE}.Debug|x64.Build.0 = Debug|x64
		{1275E5DA-0CA4-4EAC-8C81-47AA0D8682AE}.Debug|x86.ActiveCfg = Debug|Win32
		{1275E5DA-0CA4-4EAC-8C81-47AA0D8682AE}.Debug|x86.Build.0 = Debug|Win32
		{1275E5DA-0CA4-4EAC-8C81-47AA0D8682AE}.Release|x64.ActiveCfg = Release|x64
		{1275E5DA-0CA4-4EAC-8C81-47AA0D8682AE}.Release|x64.Build.0 = Release|x64
		{1275E5DA-0CA4-4EAC-8C81-47AA0D8682AE}.Release|x86.ActiveCfg = Release|Win32
		{1275E5DA-0CA4-4EAC-8C81-47AA0D8682AE}.Release|x86.Build.0 = Release|Win32
	EndGlobalSection
	GlobalSection(SolutionProperties) = preSolution
		HideSolutionNode = FALSE
	EndGlobalSection
	GlobalSection(ExtensibilityGlobals) = postSolution
		SolutionGuid = {D25AFAF7-E7F1-4E42-A2FF-0782E0FBB41F}
	EndGlobalSection
EndGlobal
