
Microsoft Visual Studio Solution File, Format Version 12.00
# Visual Studio 15
VisualStudioVersion = 15.0.28010.2036
MinimumVisualStudioVersion = 10.0.40219.1
Project("{8BC9CEB8-8B4A-11D0-8D11-00A0C91BC942}") = "Task2", "Task2\Task2.vcxproj", "{254D6906-7065-42D9-9F22-9E7D44408069}"
EndProject
Global
	GlobalSection(SolutionConfigurationPlatforms) = preSolution
		Debug|x64 = Debug|x64
		Debug|x86 = Debug|x86
		Release|x64 = Release|x64
		Release|x86 = Release|x86
	EndGlobalSection
	GlobalSection(ProjectConfigurationPlatforms) = postSolution
		{254D6906-7065-42D9-9F22-9E7D44408069}.Debug|x64.ActiveCfg = Debug|x64
		{254D6906-7065-42D9-9F22-9E7D44408069}.Debug|x64.Build.0 = Debug|x64
		{254D6906-7065-42D9-9F22-9E7D44408069}.Debug|x86.ActiveCfg = Debug|Win32
		{254D6906-7065-42D9-9F22-9E7D44408069}.Debug|x86.Build.0 = Debug|Win32
		{254D6906-7065-42D9-9F22-9E7D44408069}.Release|x64.ActiveCfg = Release|x64
		{254D6906-7065-42D9-9F22-9E7D44408069}.Release|x64.Build.0 = Release|x64
		{254D6906-7065-42D9-9F22-9E7D44408069}.Release|x86.ActiveCfg = Release|Win32
		{254D6906-7065-42D9-9F22-9E7D44408069}.Release|x86.Build.0 = Release|Win32
	EndGlobalSection
	GlobalSection(SolutionProperties) = preSolution
		HideSolutionNode = FALSE
	EndGlobalSection
	GlobalSection(ExtensibilityGlobals) = postSolution
		SolutionGuid = {60A46CCB-EC5D-4B15-A0E5-9DB5CADA0F36}
	EndGlobalSection
EndGlobal
