
Microsoft Visual Studio Solution File, Format Version 12.00
# Visual Studio 15
VisualStudioVersion = 15.0.28010.2036
MinimumVisualStudioVersion = 10.0.40219.1
Project("{8BC9CEB8-8B4A-11D0-8D11-00A0C91BC942}") = "ConsoleApplication2", "ConsoleApplication2\ConsoleApplication2.vcxproj", "{4FA53E92-25C6-4959-AB8D-19E8519DAD28}"
EndProject
Global
	GlobalSection(SolutionConfigurationPlatforms) = preSolution
		Debug|x64 = Debug|x64
		Debug|x86 = Debug|x86
		Release|x64 = Release|x64
		Release|x86 = Release|x86
	EndGlobalSection
	GlobalSection(ProjectConfigurationPlatforms) = postSolution
		{4FA53E92-25C6-4959-AB8D-19E8519DAD28}.Debug|x64.ActiveCfg = Debug|x64
		{4FA53E92-25C6-4959-AB8D-19E8519DAD28}.Debug|x64.Build.0 = Debug|x64
		{4FA53E92-25C6-4959-AB8D-19E8519DAD28}.Debug|x86.ActiveCfg = Debug|Win32
		{4FA53E92-25C6-4959-AB8D-19E8519DAD28}.Debug|x86.Build.0 = Debug|Win32
		{4FA53E92-25C6-4959-AB8D-19E8519DAD28}.Release|x64.ActiveCfg = Release|x64
		{4FA53E92-25C6-4959-AB8D-19E8519DAD28}.Release|x64.Build.0 = Release|x64
		{4FA53E92-25C6-4959-AB8D-19E8519DAD28}.Release|x86.ActiveCfg = Release|Win32
		{4FA53E92-25C6-4959-AB8D-19E8519DAD28}.Release|x86.Build.0 = Release|Win32
	EndGlobalSection
	GlobalSection(SolutionProperties) = preSolution
		HideSolutionNode = FALSE
	EndGlobalSection
	GlobalSection(ExtensibilityGlobals) = postSolution
		SolutionGuid = {A3E88075-C1DF-4DE1-95B2-D247FFB2A777}
	EndGlobalSection
EndGlobal
